
Microsoft Visual Studio Solution File, Format Version 12.00
# Visual Studio Version 16
VisualStudioVersion = 16.0.29709.97
MinimumVisualStudioVersion = 10.0.40219.1
Project("{FAE04EC0-301F-11D3-BF4B-00C04F79EFBC}") = "F1_Fantasy", "F1_Fantasy\F1_Fantasy.csproj", "{75BF4BD1-1E86-49DC-814E-7F1DC26E6755}"
EndProject
Global
	GlobalSection(SolutionConfigurationPlatforms) = preSolution
		Debug|Any CPU = Debug|Any CPU
		Release|Any CPU = Release|Any CPU
	EndGlobalSection
	GlobalSection(ProjectConfigurationPlatforms) = postSolution
		{75BF4BD1-1E86-49DC-814E-7F1DC26E6755}.Debug|Any CPU.ActiveCfg = Debug|Any CPU
		{75BF4BD1-1E86-49DC-814E-7F1DC26E6755}.Debug|Any CPU.Build.0 = Debug|Any CPU
		{75BF4BD1-1E86-49DC-814E-7F1DC26E6755}.Release|Any CPU.ActiveCfg = Release|Any CPU
		{75BF4BD1-1E86-49DC-814E-7F1DC26E6755}.Release|Any CPU.Build.0 = Release|Any CPU
	EndGlobalSection
	GlobalSection(SolutionProperties) = preSolution
		HideSolutionNode = FALSE
	EndGlobalSection
	GlobalSection(ExtensibilityGlobals) = postSolution
		SolutionGuid = {BEE75E48-073C-4FA8-BE91-E8D49C3AF4C1}
	EndGlobalSection
EndGlobal
